// !$*UTF8*$!
{
	archiveVersion = 1;
	classes = {
	};
	objectVersion = 56;
	objects = {

/* Begin PBXBuildFile section */
		AFBF20FD2ABA65F100F863D8 /* practiceApp.swift in Sources */ = {isa = PBXBuildFile; fileRef = AFBF20FC2ABA65F100F863D8 /* practiceApp.swift */; };
		AFBF20FF2ABA65F100F863D8 /* ContentView.swift in Sources */ = {isa = PBXBuildFile; fileRef = AFBF20FE2ABA65F100F863D8 /* ContentView.swift */; };
		AFBF21012ABA65F200F863D8 /* Assets.xcassets in Resources */ = {isa = PBXBuildFile; fileRef = AFBF21002ABA65F200F863D8 /* Assets.xcassets */; };
		AFBF21052ABA65F200F863D8 /* Preview Assets.xcassets in Resources */ = {isa = PBXBuildFile; fileRef = AFBF21042ABA65F200F863D8 /* Preview Assets.xcassets */; };
		AFBF210F2ABA65F200F863D8 /* practiceTests.swift in Sources */ = {isa = PBXBuildFile; fileRef = AFBF210E2ABA65F200F863D8 /* practiceTests.swift */; };
		AFBF21192ABA65F200F863D8 /* practiceUITests.swift in Sources */ = {isa = PBXBuildFile; fileRef = AFBF21182ABA65F200F863D8 /* practiceUITests.swift */; };
		AFBF211B2ABA65F200F863D8 /* practiceUITestsLaunchTests.swift in Sources */ = {isa = PBXBuildFile; fileRef = AFBF211A2ABA65F200F863D8 /* practiceUITestsLaunchTests.swift */; };
/* End PBXBuildFile section */

/* Begin PBXContainerItemProxy section */
		AFBF210B2ABA65F200F863D8 /* PBXContainerItemProxy */ = {
			isa = PBXContainerItemProxy;
			containerPortal = AFBF20F12ABA65F100F863D8 /* Project object */;
			proxyType = 1;
			remoteGlobalIDString = AFBF20F82ABA65F100F863D8;
			remoteInfo = practice;
		};
		AFBF21152ABA65F200F863D8 /* PBXContainerItemProxy */ = {
			isa = PBXContainerItemProxy;
			containerPortal = AFBF20F12ABA65F100F863D8 /* Project object */;
			proxyType = 1;
			remoteGlobalIDString = AFBF20F82ABA65F100F863D8;
			remoteInfo = practice;
		};
/* End PBXContainerItemProxy section */

/* Begin PBXFileReference section */
		AFBF20F92ABA65F100F863D8 /* practice.app */ = {isa = PBXFileReference; explicitFileType = wrapper.application; includeInIndex = 0; path = practice.app; sourceTree = BUILT_PRODUCTS_DIR; };
		AFBF20FC2ABA65F100F863D8 /* practiceApp.swift */ = {isa = PBXFileReference; lastKnownFileType = sourcecode.swift; path = practiceApp.swift; sourceTree = "<group>"; };
		AFBF20FE2ABA65F100F863D8 /* ContentView.swift */ = {isa = PBXFileReference; lastKnownFileType = sourcecode.swift; path = ContentView.swift; sourceTree = "<group>"; };
		AFBF21002ABA65F200F863D8 /* Assets.xcassets */ = {isa = PBXFileReference; lastKnownFileType = folder.assetcatalog; path = Assets.xcassets; sourceTree = "<group>"; };
		AFBF21022ABA65F200F863D8 /* practice.entitlements */ = {isa = PBXFileReference; lastKnownFileType = text.plist.entitlements; path = practice.entitlements; sourceTree = "<group>"; };
		AFBF21042ABA65F200F863D8 /* Preview Assets.xcassets */ = {isa = PBXFileReference; lastKnownFileType = folder.assetcatalog; path = "Preview Assets.xcassets"; sourceTree = "<group>"; };
		AFBF210A2ABA65F200F863D8 /* practiceTests.xctest */ = {isa = PBXFileReference; explicitFileType = wrapper.cfbundle; includeInIndex = 0; path = practiceTests.xctest; sourceTree = BUILT_PRODUCTS_DIR; };
		AFBF210E2ABA65F200F863D8 /* practiceTests.swift */ = {isa = PBXFileReference; lastKnownFileType = sourcecode.swift; path = practiceTests.swift; sourceTree = "<group>"; };
		AFBF21142ABA65F200F863D8 /* practiceUITests.xctest */ = {isa = PBXFileReference; explicitFileType = wrapper.cfbundle; includeInIndex = 0; path = practiceUITests.xctest; sourceTree = BUILT_PRODUCTS_DIR; };
		AFBF21182ABA65F200F863D8 /* practiceUITests.swift */ = {isa = PBXFileReference; lastKnownFileType = sourcecode.swift; path = practiceUITests.swift; sourceTree = "<group>"; };
		AFBF211A2ABA65F200F863D8 /* practiceUITestsLaunchTests.swift */ = {isa = PBXFileReference; lastKnownFileType = sourcecode.swift; path = practiceUITestsLaunchTests.swift; sourceTree = "<group>"; };
/* End PBXFileReference section */

/* Begin PBXFrameworksBuildPhase section */
		AFBF20F62ABA65F100F863D8 /* Frameworks */ = {
			isa = PBXFrameworksBuildPhase;
			buildActionMask = 2147483647;
			files = (
			);
			runOnlyForDeploymentPostprocessing = 0;
		};
		AFBF21072ABA65F200F863D8 /* Frameworks */ = {
			isa = PBXFrameworksBuildPhase;
			buildActionMask = 2147483647;
			files = (
			);
			runOnlyForDeploymentPostprocessing = 0;
		};
		AFBF21112ABA65F200F863D8 /* Frameworks */ = {
			isa = PBXFrameworksBuildPhase;
			buildActionMask = 2147483647;
			files = (
			);
			runOnlyForDeploymentPostprocessing = 0;
		};
/* End PBXFrameworksBuildPhase section */

/* Begin PBXGroup section */
		AFBF20F02ABA65F100F863D8 = {
			isa = PBXGroup;
			children = (
				AFBF20FB2ABA65F100F863D8 /* practice */,
				AFBF210D2ABA65F200F863D8 /* practiceTests */,
				AFBF21172ABA65F200F863D8 /* practiceUITests */,
				AFBF20FA2ABA65F100F863D8 /* Products */,
			);
			sourceTree = "<group>";
		};
		AFBF20FA2ABA65F100F863D8 /* Products */ = {
			isa = PBXGroup;
			children = (
				AFBF20F92ABA65F100F863D8 /* practice.app */,
				AFBF210A2ABA65F200F863D8 /* practiceTests.xctest */,
				AFBF21142ABA65F200F863D8 /* practiceUITests.xctest */,
			);
			name = Products;
			sourceTree = "<group>";
		};
		AFBF20FB2ABA65F100F863D8 /* practice */ = {
			isa = PBXGroup;
			children = (
				AFBF20FC2ABA65F100F863D8 /* practiceApp.swift */,
				AFBF20FE2ABA65F100F863D8 /* ContentView.swift */,
				AFBF21002ABA65F200F863D8 /* Assets.xcassets */,
				AFBF21022ABA65F200F863D8 /* practice.entitlements */,
				AFBF21032ABA65F200F863D8 /* Preview Content */,
			);
			path = practice;
			sourceTree = "<group>";
		};
		AFBF21032ABA65F200F863D8 /* Preview Content */ = {
			isa = PBXGroup;
			children = (
				AFBF21042ABA65F200F863D8 /* Preview Assets.xcassets */,
			);
			path = "Preview Content";
			sourceTree = "<group>";
		};
		AFBF210D2ABA65F200F863D8 /* practiceTests */ = {
			isa = PBXGroup;
			children = (
				AFBF210E2ABA65F200F863D8 /* practiceTests.swift */,
			);
			path = practiceTests;
			sourceTree = "<group>";
		};
		AFBF21172ABA65F200F863D8 /* practiceUITests */ = {
			isa = PBXGroup;
			children = (
				AFBF21182ABA65F200F863D8 /* practiceUITests.swift */,
				AFBF211A2ABA65F200F863D8 /* practiceUITestsLaunchTests.swift */,
			);
			path = practiceUITests;
			sourceTree = "<group>";
		};
/* End PBXGroup section */

/* Begin PBXNativeTarget section */
		AFBF20F82ABA65F100F863D8 /* practice */ = {
			isa = PBXNativeTarget;
			buildConfigurationList = AFBF211E2ABA65F200F863D8 /* Build configuration list for PBXNativeTarget "practice" */;
			buildPhases = (
				AFBF20F52ABA65F100F863D8 /* Sources */,
				AFBF20F62ABA65F100F863D8 /* Frameworks */,
				AFBF20F72ABA65F100F863D8 /* Resources */,
			);
			buildRules = (
			);
			dependencies = (
			);
			name = practice;
			productName = practice;
			productReference = AFBF20F92ABA65F100F863D8 /* practice.app */;
			productType = "com.apple.product-type.application";
		};
		AFBF21092ABA65F200F863D8 /* practiceTests */ = {
			isa = PBXNativeTarget;
			buildConfigurationList = AFBF21212ABA65F200F863D8 /* Build configuration list for PBXNativeTarget "practiceTests" */;
			buildPhases = (
				AFBF21062ABA65F200F863D8 /* Sources */,
				AFBF21072ABA65F200F863D8 /* Frameworks */,
				AFBF21082ABA65F200F863D8 /* Resources */,
			);
			buildRules = (
			);
			dependencies = (
				AFBF210C2ABA65F200F863D8 /* PBXTargetDependency */,
			);
			name = practiceTests;
			productName = practiceTests;
			productReference = AFBF210A2ABA65F200F863D8 /* practiceTests.xctest */;
			productType = "com.apple.product-type.bundle.unit-test";
		};
		AFBF21132ABA65F200F863D8 /* practiceUITests */ = {
			isa = PBXNativeTarget;
			buildConfigurationList = AFBF21242ABA65F200F863D8 /* Build configuration list for PBXNativeTarget "practiceUITests" */;
			buildPhases = (
				AFBF21102ABA65F200F863D8 /* Sources */,
				AFBF21112ABA65F200F863D8 /* Frameworks */,
				AFBF21122ABA65F200F863D8 /* Resources */,
			);
			buildRules = (
			);
			dependencies = (
				AFBF21162ABA65F200F863D8 /* PBXTargetDependency */,
			);
			name = practiceUITests;
			productName = practiceUITests;
			productReference = AFBF21142ABA65F200F863D8 /* practiceUITests.xctest */;
			productType = "com.apple.product-type.bundle.ui-testing";
		};
/* End PBXNativeTarget section */

/* Begin PBXProject section */
		AFBF20F12ABA65F100F863D8 /* Project object */ = {
			isa = PBXProject;
			attributes = {
				BuildIndependentTargetsInParallel = 1;
				LastSwiftUpdateCheck = 1420;
				LastUpgradeCheck = 1420;
				TargetAttributes = {
					AFBF20F82ABA65F100F863D8 = {
						CreatedOnToolsVersion = 14.2;
					};
					AFBF21092ABA65F200F863D8 = {
						CreatedOnToolsVersion = 14.2;
						TestTargetID = AFBF20F82ABA65F100F863D8;
					};
					AFBF21132ABA65F200F863D8 = {
						CreatedOnToolsVersion = 14.2;
						TestTargetID = AFBF20F82ABA65F100F863D8;
					};
				};
			};
			buildConfigurationList = AFBF20F42ABA65F100F863D8 /* Build configuration list for PBXProject "practice" */;
			compatibilityVersion = "Xcode 14.0";
			developmentRegion = en;
			hasScannedForEncodings = 0;
			knownRegions = (
				en,
				Base,
			);
			mainGroup = AFBF20F02ABA65F100F863D8;
			productRefGroup = AFBF20FA2ABA65F100F863D8 /* Products */;
			projectDirPath = "";
			projectRoot = "";
			targets = (
				AFBF20F82ABA65F100F863D8 /* practice */,
				AFBF21092ABA65F200F863D8 /* practiceTests */,
				AFBF21132ABA65F200F863D8 /* practiceUITests */,
			);
		};
/* End PBXProject section */

/* Begin PBXResourcesBuildPhase section */
		AFBF20F72ABA65F100F863D8 /* Resources */ = {
			isa = PBXResourcesBuildPhase;
			buildActionMask = 2147483647;
			files = (
				AFBF21052ABA65F200F863D8 /* Preview Assets.xcassets in Resources */,
				AFBF21012ABA65F200F863D8 /* Assets.xcassets in Resources */,
			);
			runOnlyForDeploymentPostprocessing = 0;
		};
		AFBF21082ABA65F200F863D8 /* Resources */ = {
			isa = PBXResourcesBuildPhase;
			buildActionMask = 2147483647;
			files = (
			);
			runOnlyForDeploymentPostprocessing = 0;
		};
		AFBF21122ABA65F200F863D8 /* Resources */ = {
			isa = PBXResourcesBuildPhase;
			buildActionMask = 2147483647;
			files = (
			);
			runOnlyForDeploymentPostprocessing = 0;
		};
/* End PBXResourcesBuildPhase section */

/* Begin PBXSourcesBuildPhase section */
		AFBF20F52ABA65F100F863D8 /* Sources */ = {
			isa = PBXSourcesBuildPhase;
			buildActionMask = 2147483647;
			files = (
				AFBF20FF2ABA65F100F863D8 /* ContentView.swift in Sources */,
				AFBF20FD2ABA65F100F863D8 /* practiceApp.swift in Sources */,
			);
			runOnlyForDeploymentPostprocessing = 0;
		};
		AFBF21062ABA65F200F863D8 /* Sources */ = {
			isa = PBXSourcesBuildPhase;
			buildActionMask = 2147483647;
			files = (
				AFBF210F2ABA65F200F863D8 /* practiceTests.swift in Sources */,
			);
			runOnlyForDeploymentPostprocessing = 0;
		};
		AFBF21102ABA65F200F863D8 /* Sources */ = {
			isa = PBXSourcesBuildPhase;
			buildActionMask = 2147483647;
			files = (
				AFBF211B2ABA65F200F863D8 /* practiceUITestsLaunchTests.swift in Sources */,
				AFBF21192ABA65F200F863D8 /* practiceUITests.swift in Sources */,
			);
			runOnlyForDeploymentPostprocessing = 0;
		};
/* End PBXSourcesBuildPhase section */

/* Begin PBXTargetDependency section */
		AFBF210C2ABA65F200F863D8 /* PBXTargetDependency */ = {
			isa = PBXTargetDependency;
			target = AFBF20F82ABA65F100F863D8 /* practice */;
			targetProxy = AFBF210B2ABA65F200F863D8 /* PBXContainerItemProxy */;
		};
		AFBF21162ABA65F200F863D8 /* PBXTargetDependency */ = {
			isa = PBXTargetDependency;
			target = AFBF20F82ABA65F100F863D8 /* practice */;
			targetProxy = AFBF21152ABA65F200F863D8 /* PBXContainerItemProxy */;
		};
/* End PBXTargetDependency section */

/* Begin XCBuildConfiguration section */
		AFBF211C2ABA65F200F863D8 /* Debug */ = {
			isa = XCBuildConfiguration;
			buildSettings = {
				ALWAYS_SEARCH_USER_PATHS = NO;
				CLANG_ANALYZER_NONNULL = YES;
				CLANG_ANALYZER_NUMBER_OBJECT_CONVERSION = YES_AGGRESSIVE;
				CLANG_CXX_LANGUAGE_STANDARD = "gnu++20";
				CLANG_ENABLE_MODULES = YES;
				CLANG_ENABLE_OBJC_ARC = YES;
				CLANG_ENABLE_OBJC_WEAK = YES;
				CLANG_WARN_BLOCK_CAPTURE_AUTORELEASING = YES;
				CLANG_WARN_BOOL_CONVERSION = YES;
				CLANG_WARN_COMMA = YES;
				CLANG_WARN_CONSTANT_CONVERSION = YES;
				CLANG_WARN_DEPRECATED_OBJC_IMPLEMENTATIONS = YES;
				CLANG_WARN_DIRECT_OBJC_ISA_USAGE = YES_ERROR;
				CLANG_WARN_DOCUMENTATION_COMMENTS = YES;
				CLANG_WARN_EMPTY_BODY = YES;
				CLANG_WARN_ENUM_CONVERSION = YES;
				CLANG_WARN_INFINITE_RECURSION = YES;
				CLANG_WARN_INT_CONVERSION = YES;
				CLANG_WARN_NON_LITERAL_NULL_CONVERSION = YES;
				CLANG_WARN_OBJC_IMPLICIT_RETAIN_SELF = YES;
				CLANG_WARN_OBJC_LITERAL_CONVERSION = YES;
				CLANG_WARN_OBJC_ROOT_CLASS = YES_ERROR;
				CLANG_WARN_QUOTED_INCLUDE_IN_FRAMEWORK_HEADER = YES;
				CLANG_WARN_RANGE_LOOP_ANALYSIS = YES;
				CLANG_WARN_STRICT_PROTOTYPES = YES;
				CLANG_WARN_SUSPICIOUS_MOVE = YES;
				CLANG_WARN_UNGUARDED_AVAILABILITY = YES_AGGRESSIVE;
				CLANG_WARN_UNREACHABLE_CODE = YES;
				CLANG_WARN__DUPLICATE_METHOD_MATCH = YES;
				COPY_PHASE_STRIP = NO;
				DEBUG_INFORMATION_FORMAT = dwarf;
				ENABLE_STRICT_OBJC_MSGSEND = YES;
				ENABLE_TESTABILITY = YES;
				GCC_C_LANGUAGE_STANDARD = gnu11;
				GCC_DYNAMIC_NO_PIC = NO;
				GCC_NO_COMMON_BLOCKS = YES;
				GCC_OPTIMIZATION_LEVEL = 0;
				GCC_PREPROCESSOR_DEFINITIONS = (
					"DEBUG=1",
					"$(inherited)",
				);
				GCC_WARN_64_TO_32_BIT_CONVERSION = YES;
				GCC_WARN_ABOUT_RETURN_TYPE = YES_ERROR;
				GCC_WARN_UNDECLARED_SELECTOR = YES;
				GCC_WARN_UNINITIALIZED_AUTOS = YES_AGGRESSIVE;
				GCC_WARN_UNUSED_FUNCTION = YES;
				GCC_WARN_UNUSED_VARIABLE = YES;
				MTL_ENABLE_DEBUG_INFO = INCLUDE_SOURCE;
				MTL_FAST_MATH = YES;
				ONLY_ACTIVE_ARCH = YES;
				SWIFT_ACTIVE_COMPILATION_CONDITIONS = DEBUG;
				SWIFT_OPTIMIZATION_LEVEL = "-Onone";
			};
			name = Debug;
		};
		AFBF211D2ABA65F200F863D8 /* Release */ = {
			isa = XCBuildConfiguration;
			buildSettings = {
				ALWAYS_SEARCH_USER_PATHS = NO;
				CLANG_ANALYZER_NONNULL = YES;
				CLANG_ANALYZER_NUMBER_OBJECT_CONVERSION = YES_AGGRESSIVE;
				CLANG_CXX_LANGUAGE_STANDARD = "gnu++20";
				CLANG_ENABLE_MODULES = YES;
				CLANG_ENABLE_OBJC_ARC = YES;
				CLANG_ENABLE_OBJC_WEAK = YES;
				CLANG_WARN_BLOCK_CAPTURE_AUTORELEASING = YES;
				CLANG_WARN_BOOL_CONVERSION = YES;
				CLANG_WARN_COMMA = YES;
				CLANG_WARN_CONSTANT_CONVERSION = YES;
				CLANG_WARN_DEPRECATED_OBJC_IMPLEMENTATIONS = YES;
				CLANG_WARN_DIRECT_OBJC_ISA_USAGE = YES_ERROR;
				CLANG_WARN_DOCUMENTATION_COMMENTS = YES;
				CLANG_WARN_EMPTY_BODY = YES;
				CLANG_WARN_ENUM_CONVERSION = YES;
				CLANG_WARN_INFINITE_RECURSION = YES;
				CLANG_WARN_INT_CONVERSION = YES;
				CLANG_WARN_NON_LITERAL_NULL_CONVERSION = YES;
				CLANG_WARN_OBJC_IMPLICIT_RETAIN_SELF = YES;
				CLANG_WARN_OBJC_LITERAL_CONVERSION = YES;
				CLANG_WARN_OBJC_ROOT_CLASS = YES_ERROR;
				CLANG_WARN_QUOTED_INCLUDE_IN_FRAMEWORK_HEADER = YES;
				CLANG_WARN_RANGE_LOOP_ANALYSIS = YES;
				CLANG_WARN_STRICT_PROTOTYPES = YES;
				CLANG_WARN_SUSPICIOUS_MOVE = YES;
				CLANG_WARN_UNGUARDED_AVAILABILITY = YES_AGGRESSIVE;
				CLANG_WARN_UNREACHABLE_CODE = YES;
				CLANG_WARN__DUPLICATE_METHOD_MATCH = YES;
				COPY_PHASE_STRIP = NO;
				DEBUG_INFORMATION_FORMAT = "dwarf-with-dsym";
				ENABLE_NS_ASSERTIONS = NO;
				ENABLE_STRICT_OBJC_MSGSEND = YES;
				GCC_C_LANGUAGE_STANDARD = gnu11;
				GCC_NO_COMMON_BLOCKS = YES;
				GCC_WARN_64_TO_32_BIT_CONVERSION = YES;
				GCC_WARN_ABOUT_RETURN_TYPE = YES_ERROR;
				GCC_WARN_UNDECLARED_SELECTOR = YES;
				GCC_WARN_UNINITIALIZED_AUTOS = YES_AGGRESSIVE;
				GCC_WARN_UNUSED_FUNCTION = YES;
				GCC_WARN_UNUSED_VARIABLE = YES;
				MTL_ENABLE_DEBUG_INFO = NO;
				MTL_FAST_MATH = YES;
				SWIFT_COMPILATION_MODE = wholemodule;
				SWIFT_OPTIMIZATION_LEVEL = "-O";
			};
			name = Release;
		};
		AFBF211F2ABA65F200F863D8 /* Debug */ = {
			isa = XCBuildConfiguration;
			buildSettings = {
				ASSETCATALOG_COMPILER_APPICON_NAME = AppIcon;
				ASSETCATALOG_COMPILER_GLOBAL_ACCENT_COLOR_NAME = AccentColor;
				CODE_SIGN_ENTITLEMENTS = practice/practice.entitlements;
				CODE_SIGN_STYLE = Automatic;
				CURRENT_PROJECT_VERSION = 1;
				DEVELOPMENT_ASSET_PATHS = "\"practice/Preview Content\"";
				ENABLE_PREVIEWS = YES;
				GENERATE_INFOPLIST_FILE = YES;
				"INFOPLIST_KEY_UIApplicationSceneManifest_Generation[sdk=iphoneos*]" = YES;
				"INFOPLIST_KEY_UIApplicationSceneManifest_Generation[sdk=iphonesimulator*]" = YES;
				"INFOPLIST_KEY_UIApplicationSupportsIndirectInputEvents[sdk=iphoneos*]" = YES;
				"INFOPLIST_KEY_UIApplicationSupportsIndirectInputEvents[sdk=iphonesimulator*]" = YES;
				"INFOPLIST_KEY_UILaunchScreen_Generation[sdk=iphoneos*]" = YES;
				"INFOPLIST_KEY_UILaunchScreen_Generation[sdk=iphonesimulator*]" = YES;
				"INFOPLIST_KEY_UIStatusBarStyle[sdk=iphoneos*]" = UIStatusBarStyleDefault;
				"INFOPLIST_KEY_UIStatusBarStyle[sdk=iphonesimulator*]" = UIStatusBarStyleDefault;
				INFOPLIST_KEY_UISupportedInterfaceOrientations_iPad = "UIInterfaceOrientationPortrait UIInterfaceOrientationPortraitUpsideDown UIInterfaceOrientationLandscapeLeft UIInterfaceOrientationLandscapeRight";
				INFOPLIST_KEY_UISupportedInterfaceOrientations_iPhone = "UIInterfaceOrientationPortrait UIInterfaceOrientationLandscapeLeft UIInterfaceOrientationLandscapeRight";
				IPHONEOS_DEPLOYMENT_TARGET = 16.2;
				LD_RUNPATH_SEARCH_PATHS = "@executable_path/Frameworks";
				"LD_RUNPATH_SEARCH_PATHS[sdk=macosx*]" = "@executable_path/../Frameworks";
				MACOSX_DEPLOYMENT_TARGET = 13.1;
				MARKETING_VERSION = 1.0;
				PRODUCT_BUNDLE_IDENTIFIER = "iOS-Club.practice";
				PRODUCT_NAME = "$(TARGET_NAME)";
				SDKROOT = auto;
				SUPPORTED_PLATFORMS = "iphoneos iphonesimulator macosx";
				SWIFT_EMIT_LOC_STRINGS = YES;
				SWIFT_VERSION = 5.0;
				TARGETED_DEVICE_FAMILY = "1,2";
			};
			name = Debug;
		};
		AFBF21202ABA65F200F863D8 /* Release */ = {
			isa = XCBuildConfiguration;
			buildSettings = {
				ASSETCATALOG_COMPILER_APPICON_NAME = AppIcon;
				ASSETCATALOG_COMPILER_GLOBAL_ACCENT_COLOR_NAME = AccentColor;
				CODE_SIGN_ENTITLEMENTS = practice/practice.entitlements;
				CODE_SIGN_STYLE = Automatic;
				CURRENT_PROJECT_VERSION = 1;
				DEVELOPMENT_ASSET_PATHS = "\"practice/Preview Content\"";
				ENABLE_PREVIEWS = YES;
				GENERATE_INFOPLIST_FILE = YES;
				"INFOPLIST_KEY_UIApplicationSceneManifest_Generation[sdk=iphoneos*]" = YES;
				"INFOPLIST_KEY_UIApplicationSceneManifest_Generation[sdk=iphonesimulator*]" = YES;
				"INFOPLIST_KEY_UIApplicationSupportsIndirectInputEvents[sdk=iphoneos*]" = YES;
				"INFOPLIST_KEY_UIApplicationSupportsIndirectInputEvents[sdk=iphonesimulator*]" = YES;
				"INFOPLIST_KEY_UILaunchScreen_Generation[sdk=iphoneos*]" = YES;
				"INFOPLIST_KEY_UILaunchScreen_Generation[sdk=iphonesimulator*]" = YES;
				"INFOPLIST_KEY_UIStatusBarStyle[sdk=iphoneos*]" = UIStatusBarStyleDefault;
				"INFOPLIST_KEY_UIStatusBarStyle[sdk=iphonesimulator*]" = UIStatusBarStyleDefault;
				INFOPLIST_KEY_UISupportedInterfaceOrientations_iPad = "UIInterfaceOrientationPortrait UIInterfaceOrientationPortraitUpsideDown UIInterfaceOrientationLandscapeLeft UIInterfaceOrientationLandscapeRight";
				INFOPLIST_KEY_UISupportedInterfaceOrientations_iPhone = "UIInterfaceOrientationPortrait UIInterfaceOrientationLandscapeLeft UIInterfaceOrientationLandscapeRight";
				IPHONEOS_DEPLOYMENT_TARGET = 16.2;
				LD_RUNPATH_SEARCH_PATHS = "@executable_path/Frameworks";
				"LD_RUNPATH_SEARCH_PATHS[sdk=macosx*]" = "@executable_path/../Frameworks";
				MACOSX_DEPLOYMENT_TARGET = 13.1;
				MARKETING_VERSION = 1.0;
				PRODUCT_BUNDLE_IDENTIFIER = "iOS-Club.practice";
				PRODUCT_NAME = "$(TARGET_NAME)";
				SDKROOT = auto;
				SUPPORTED_PLATFORMS = "iphoneos iphonesimulator macosx";
				SWIFT_EMIT_LOC_STRINGS = YES;
				SWIFT_VERSION = 5.0;
				TARGETED_DEVICE_FAMILY = "1,2";
			};
			name = Release;
		};
		AFBF21222ABA65F200F863D8 /* Debug */ = {
			isa = XCBuildConfiguration;
			buildSettings = {
				ALWAYS_EMBED_SWIFT_STANDARD_LIBRARIES = YES;
				BUNDLE_LOADER = "$(TEST_HOST)";
				CODE_SIGN_STYLE = Automatic;
				CURRENT_PROJECT_VERSION = 1;
				GENERATE_INFOPLIST_FILE = YES;
				IPHONEOS_DEPLOYMENT_TARGET = 16.2;
				MACOSX_DEPLOYMENT_TARGET = 13.1;
				MARKETING_VERSION = 1.0;
				PRODUCT_BUNDLE_IDENTIFIER = "iOS-Club.practiceTests";
				PRODUCT_NAME = "$(TARGET_NAME)";
				SDKROOT = auto;
				SUPPORTED_PLATFORMS = "iphoneos iphonesimulator macosx";
				SWIFT_EMIT_LOC_STRINGS = NO;
				SWIFT_VERSION = 5.0;
				TARGETED_DEVICE_FAMILY = "1,2";
				TEST_HOST = "$(BUILT_PRODUCTS_DIR)/practice.app/$(BUNDLE_EXECUTABLE_FOLDER_PATH)/practice";
			};
			name = Debug;
		};
		AFBF21232ABA65F200F863D8 /* Release */ = {
			isa = XCBuildConfiguration;
			buildSettings = {
				ALWAYS_EMBED_SWIFT_STANDARD_LIBRARIES = YES;
				BUNDLE_LOADER = "$(TEST_HOST)";
				CODE_SIGN_STYLE = Automatic;
				CURRENT_PROJECT_VERSION = 1;
				GENERATE_INFOPLIST_FILE = YES;
				IPHONEOS_DEPLOYMENT_TARGET = 16.2;
				MACOSX_DEPLOYMENT_TARGET = 13.1;
				MARKETING_VERSION = 1.0;
				PRODUCT_BUNDLE_IDENTIFIER = "iOS-Club.practiceTests";
				PRODUCT_NAME = "$(TARGET_NAME)";
				SDKROOT = auto;
				SUPPORTED_PLATFORMS = "iphoneos iphonesimulator macosx";
				SWIFT_EMIT_LOC_STRINGS = NO;
				SWIFT_VERSION = 5.0;
				TARGETED_DEVICE_FAMILY = "1,2";
				TEST_HOST = "$(BUILT_PRODUCTS_DIR)/practice.app/$(BUNDLE_EXECUTABLE_FOLDER_PATH)/practice";
			};
			name = Release;
		};
		AFBF21252ABA65F200F863D8 /* Debug */ = {
			isa = XCBuildConfiguration;
			buildSettings = {
				ALWAYS_EMBED_SWIFT_STANDARD_LIBRARIES = YES;
				CODE_SIGN_STYLE = Automatic;
				CURRENT_PROJECT_VERSION = 1;
				GENERATE_INFOPLIST_FILE = YES;
				IPHONEOS_DEPLOYMENT_TARGET = 16.2;
				MACOSX_DEPLOYMENT_TARGET = 13.1;
				MARKETING_VERSION = 1.0;
				PRODUCT_BUNDLE_IDENTIFIER = "iOS-Club.practiceUITests";
				PRODUCT_NAME = "$(TARGET_NAME)";
				SDKROOT = auto;
				SUPPORTED_PLATFORMS = "iphoneos iphonesimulator macosx";
				SWIFT_EMIT_LOC_STRINGS = NO;
				SWIFT_VERSION = 5.0;
				TARGETED_DEVICE_FAMILY = "1,2";
				TEST_TARGET_NAME = practice;
			};
			name = Debug;
		};
		AFBF21262ABA65F200F863D8 /* Release */ = {
			isa = XCBuildConfiguration;
			buildSettings = {
				ALWAYS_EMBED_SWIFT_STANDARD_LIBRARIES = YES;
				CODE_SIGN_STYLE = Automatic;
				CURRENT_PROJECT_VERSION = 1;
				GENERATE_INFOPLIST_FILE = YES;
				IPHONEOS_DEPLOYMENT_TARGET = 16.2;
				MACOSX_DEPLOYMENT_TARGET = 13.1;
				MARKETING_VERSION = 1.0;
				PRODUCT_BUNDLE_IDENTIFIER = "iOS-Club.practiceUITests";
				PRODUCT_NAME = "$(TARGET_NAME)";
				SDKROOT = auto;
				SUPPORTED_PLATFORMS = "iphoneos iphonesimulator macosx";
				SWIFT_EMIT_LOC_STRINGS = NO;
				SWIFT_VERSION = 5.0;
				TARGETED_DEVICE_FAMILY = "1,2";
				TEST_TARGET_NAME = practice;
			};
			name = Release;
		};
/* End XCBuildConfiguration section */

/* Begin XCConfigurationList section */
		AFBF20F42ABA65F100F863D8 /* Build configuration list for PBXProject "practice" */ = {
			isa = XCConfigurationList;
			buildConfigurations = (
				AFBF211C2ABA65F200F863D8 /* Debug */,
				AFBF211D2ABA65F200F863D8 /* Release */,
			);
			defaultConfigurationIsVisible = 0;
			defaultConfigurationName = Release;
		};
		AFBF211E2ABA65F200F863D8 /* Build configuration list for PBXNativeTarget "practice" */ = {
			isa = XCConfigurationList;
			buildConfigurations = (
				AFBF211F2ABA65F200F863D8 /* Debug */,
				AFBF21202ABA65F200F863D8 /* Release */,
			);
			defaultConfigurationIsVisible = 0;
			defaultConfigurationName = Release;
		};
		AFBF21212ABA65F200F863D8 /* Build configuration list for PBXNativeTarget "practiceTests" */ = {
			isa = XCConfigurationList;
			buildConfigurations = (
				AFBF21222ABA65F200F863D8 /* Debug */,
				AFBF21232ABA65F200F863D8 /* Release */,
			);
			defaultConfigurationIsVisible = 0;
			defaultConfigurationName = Release;
		};
		AFBF21242ABA65F200F863D8 /* Build configuration list for PBXNativeTarget "practiceUITests" */ = {
			isa = XCConfigurationList;
			buildConfigurations = (
				AFBF21252ABA65F200F863D8 /* Debug */,
				AFBF21262ABA65F200F863D8 /* Release */,
			);
			defaultConfigurationIsVisible = 0;
			defaultConfigurationName = Release;
		};
/* End XCConfigurationList section */
	};
	rootObject = AFBF20F12ABA65F100F863D8 /* Project object */;
}
